
Microsoft Visual Studio Solution File, Format Version 12.00
# Visual Studio 15
VisualStudioVersion = 15.0.27130.2027
MinimumVisualStudioVersion = 10.0.40219.1
Project("{FAE04EC0-301F-11D3-BF4B-00C04F79EFBC}") = "rogeha5v3", "rogeha5v3.csproj", "{452D8463-C888-401C-BD39-82AC765436C0}"
EndProject
Global
	GlobalSection(SolutionConfigurationPlatforms) = preSolution
		Debug|Any CPU = Debug|Any CPU
		Release|Any CPU = Release|Any CPU
	EndGlobalSection
	GlobalSection(ProjectConfigurationPlatforms) = postSolution
		{452D8463-C888-401C-BD39-82AC765436C0}.Debug|Any CPU.ActiveCfg = Debug|Any CPU
		{452D8463-C888-401C-BD39-82AC765436C0}.Debug|Any CPU.Build.0 = Debug|Any CPU
		{452D8463-C888-401C-BD39-82AC765436C0}.Release|Any CPU.ActiveCfg = Release|Any CPU
		{452D8463-C888-401C-BD39-82AC765436C0}.Release|Any CPU.Build.0 = Release|Any CPU
	EndGlobalSection
	GlobalSection(SolutionProperties) = preSolution
		HideSolutionNode = FALSE
	EndGlobalSection
	GlobalSection(ExtensibilityGlobals) = postSolution
		SolutionGuid = {4657E422-C873-4474-8FE9-8468825EC2E6}
	EndGlobalSection
EndGlobal
